
Microsoft Visual Studio Solution File, Format Version 12.00
# Visual Studio Version 16
VisualStudioVersion = 16.0.31829.152
MinimumVisualStudioVersion = 10.0.40219.1
Project("{FAE04EC0-301F-11D3-BF4B-00C04F79EFBC}") = "Ejemplo_switch", "Ejemplo_switch\Ejemplo_switch.csproj", "{D27AC136-69D4-46D5-9BAB-F6467B0DD29D}"
EndProject
Global
	GlobalSection(SolutionConfigurationPlatforms) = preSolution
		Debug|Any CPU = Debug|Any CPU
		Release|Any CPU = Release|Any CPU
	EndGlobalSection
	GlobalSection(ProjectConfigurationPlatforms) = postSolution
		{D27AC136-69D4-46D5-9BAB-F6467B0DD29D}.Debug|Any CPU.ActiveCfg = Debug|Any CPU
		{D27AC136-69D4-46D5-9BAB-F6467B0DD29D}.Debug|Any CPU.Build.0 = Debug|Any CPU
		{D27AC136-69D4-46D5-9BAB-F6467B0DD29D}.Release|Any CPU.ActiveCfg = Release|Any CPU
		{D27AC136-69D4-46D5-9BAB-F6467B0DD29D}.Release|Any CPU.Build.0 = Release|Any CPU
	EndGlobalSection
	GlobalSection(SolutionProperties) = preSolution
		HideSolutionNode = FALSE
	EndGlobalSection
	GlobalSection(ExtensibilityGlobals) = postSolution
		SolutionGuid = {D2E7CD66-C3B9-4AC4-A346-A7BE3B2008F8}
	EndGlobalSection
EndGlobal
