
Microsoft Visual Studio Solution File, Format Version 12.00
# Visual Studio Version 16
VisualStudioVersion = 16.0.32106.194
MinimumVisualStudioVersion = 10.0.40219.1
Project("{FAE04EC0-301F-11D3-BF4B-00C04F79EFBC}") = "Reloj PC", "Reloj PC\Reloj PC.csproj", "{D6737A50-E75B-48E2-8229-FEEEDBC807AB}"
EndProject
Global
	GlobalSection(SolutionConfigurationPlatforms) = preSolution
		Debug|Any CPU = Debug|Any CPU
		Release|Any CPU = Release|Any CPU
	EndGlobalSection
	GlobalSection(ProjectConfigurationPlatforms) = postSolution
		{D6737A50-E75B-48E2-8229-FEEEDBC807AB}.Debug|Any CPU.ActiveCfg = Debug|Any CPU
		{D6737A50-E75B-48E2-8229-FEEEDBC807AB}.Debug|Any CPU.Build.0 = Debug|Any CPU
		{D6737A50-E75B-48E2-8229-FEEEDBC807AB}.Release|Any CPU.ActiveCfg = Release|Any CPU
		{D6737A50-E75B-48E2-8229-FEEEDBC807AB}.Release|Any CPU.Build.0 = Release|Any CPU
	EndGlobalSection
	GlobalSection(SolutionProperties) = preSolution
		HideSolutionNode = FALSE
	EndGlobalSection
	GlobalSection(ExtensibilityGlobals) = postSolution
		SolutionGuid = {ACF748A1-01DF-4876-9D08-172414D95236}
	EndGlobalSection
EndGlobal
