
Microsoft Visual Studio Solution File, Format Version 12.00
# Visual Studio Version 16
VisualStudioVersion = 16.0.32002.261
MinimumVisualStudioVersion = 10.0.40219.1
Project("{FAE04EC0-301F-11D3-BF4B-00C04F79EFBC}") = "Ejercicio_Operadores", "Ejercicio_Operadores\Ejercicio_Operadores.csproj", "{5F60B05F-21FE-4796-A4CD-E594B29ADDA7}"
EndProject
Global
	GlobalSection(SolutionConfigurationPlatforms) = preSolution
		Debug|Any CPU = Debug|Any CPU
		Release|Any CPU = Release|Any CPU
	EndGlobalSection
	GlobalSection(ProjectConfigurationPlatforms) = postSolution
		{5F60B05F-21FE-4796-A4CD-E594B29ADDA7}.Debug|Any CPU.ActiveCfg = Debug|Any CPU
		{5F60B05F-21FE-4796-A4CD-E594B29ADDA7}.Debug|Any CPU.Build.0 = Debug|Any CPU
		{5F60B05F-21FE-4796-A4CD-E594B29ADDA7}.Release|Any CPU.ActiveCfg = Release|Any CPU
		{5F60B05F-21FE-4796-A4CD-E594B29ADDA7}.Release|Any CPU.Build.0 = Release|Any CPU
	EndGlobalSection
	GlobalSection(SolutionProperties) = preSolution
		HideSolutionNode = FALSE
	EndGlobalSection
	GlobalSection(ExtensibilityGlobals) = postSolution
		SolutionGuid = {14D1D6D3-EFD8-4D9A-B42A-DE822A25E5BE}
	EndGlobalSection
EndGlobal
